
Microsoft Visual Studio Solution File, Format Version 12.00
# Visual Studio 15
VisualStudioVersion = 15.0.28010.2026
MinimumVisualStudioVersion = 10.0.40219.1
Project("{FAE04EC0-301F-11D3-BF4B-00C04F79EFBC}") = "VendingMachine", "VendingMachine\VendingMachine.csproj", "{4BB40805-C85B-42C0-93D0-DBE365B9D053}"
EndProject
Project("{FAE04EC0-301F-11D3-BF4B-00C04F79EFBC}") = "VendingMachine.Model", "VendingMachine.Model\VendingMachine.Model.csproj", "{9EC32244-1729-4476-972C-967A75FC86C8}"
EndProject
Project("{FAE04EC0-301F-11D3-BF4B-00C04F79EFBC}") = "VendingMachine.Repository", "VendingMachine.DataAccessLayer\VendingMachine.Repository.csproj", "{CD18DC07-3266-4403-AC9D-FF58AD05D7A1}"
EndProject
Project("{FAE04EC0-301F-11D3-BF4B-00C04F79EFBC}") = "VendingMachine.Service", "VendingMachine.Service\VendingMachine.Service.csproj", "{01F5A087-E2B1-4487-B40C-95F1F2B92BB8}"
EndProject
Project("{FAE04EC0-301F-11D3-BF4B-00C04F79EFBC}") = "VendingMachine.BuisnesLogic", "VendingMachine.BuisnesLogic\VendingMachine.BuisnesLogic.csproj", "{60C5ACD3-B4B6-4E15-93D9-4129146D3671}"
EndProject
Global
	GlobalSection(SolutionConfigurationPlatforms) = preSolution
		Debug|Any CPU = Debug|Any CPU
		Release|Any CPU = Release|Any CPU
	EndGlobalSection
	GlobalSection(ProjectConfigurationPlatforms) = postSolution
		{4BB40805-C85B-42C0-93D0-DBE365B9D053}.Debug|Any CPU.ActiveCfg = Debug|Any CPU
		{4BB40805-C85B-42C0-93D0-DBE365B9D053}.Debug|Any CPU.Build.0 = Debug|Any CPU
		{4BB40805-C85B-42C0-93D0-DBE365B9D053}.Release|Any CPU.ActiveCfg = Release|Any CPU
		{4BB40805-C85B-42C0-93D0-DBE365B9D053}.Release|Any CPU.Build.0 = Release|Any CPU
		{9EC32244-1729-4476-972C-967A75FC86C8}.Debug|Any CPU.ActiveCfg = Debug|Any CPU
		{9EC32244-1729-4476-972C-967A75FC86C8}.Debug|Any CPU.Build.0 = Debug|Any CPU
		{9EC32244-1729-4476-972C-967A75FC86C8}.Release|Any CPU.ActiveCfg = Release|Any CPU
		{9EC32244-1729-4476-972C-967A75FC86C8}.Release|Any CPU.Build.0 = Release|Any CPU
		{CD18DC07-3266-4403-AC9D-FF58AD05D7A1}.Debug|Any CPU.ActiveCfg = Debug|Any CPU
		{CD18DC07-3266-4403-AC9D-FF58AD05D7A1}.Debug|Any CPU.Build.0 = Debug|Any CPU
		{CD18DC07-3266-4403-AC9D-FF58AD05D7A1}.Release|Any CPU.ActiveCfg = Release|Any CPU
		{CD18DC07-3266-4403-AC9D-FF58AD05D7A1}.Release|Any CPU.Build.0 = Release|Any CPU
		{01F5A087-E2B1-4487-B40C-95F1F2B92BB8}.Debug|Any CPU.ActiveCfg = Debug|Any CPU
		{01F5A087-E2B1-4487-B40C-95F1F2B92BB8}.Debug|Any CPU.Build.0 = Debug|Any CPU
		{01F5A087-E2B1-4487-B40C-95F1F2B92BB8}.Release|Any CPU.ActiveCfg = Release|Any CPU
		{01F5A087-E2B1-4487-B40C-95F1F2B92BB8}.Release|Any CPU.Build.0 = Release|Any CPU
		{60C5ACD3-B4B6-4E15-93D9-4129146D3671}.Debug|Any CPU.ActiveCfg = Debug|Any CPU
		{60C5ACD3-B4B6-4E15-93D9-4129146D3671}.Debug|Any CPU.Build.0 = Debug|Any CPU
		{60C5ACD3-B4B6-4E15-93D9-4129146D3671}.Release|Any CPU.ActiveCfg = Release|Any CPU
		{60C5ACD3-B4B6-4E15-93D9-4129146D3671}.Release|Any CPU.Build.0 = Release|Any CPU
	EndGlobalSection
	GlobalSection(SolutionProperties) = preSolution
		HideSolutionNode = FALSE
	EndGlobalSection
	GlobalSection(ExtensibilityGlobals) = postSolution
		SolutionGuid = {1CE28D00-109E-40A1-9FAB-AA220ADE80CF}
	EndGlobalSection
EndGlobal
